
Microsoft Visual Studio Solution File, Format Version 12.00
# Visual Studio Version 17
VisualStudioVersion = 17.4.33213.308
MinimumVisualStudioVersion = 10.0.40219.1
Project("{FAE04EC0-301F-11D3-BF4B-00C04F79EFBC}") = "WeatherForecastClean.Core", "WeatherForecastClean\WeatherForecastClean.Core.csproj", "{18754E7E-5F44-4392-9A9E-D9B20BAD8469}"
EndProject
Project("{FAE04EC0-301F-11D3-BF4B-00C04F79EFBC}") = "WeatherForecastClean.Application", "WeatherForecastClean.Application\WeatherForecastClean.Application.csproj", "{4C1C5CB0-F911-41D7-8B30-B97EB32BB3A4}"
EndProject
Project("{FAE04EC0-301F-11D3-BF4B-00C04F79EFBC}") = "WeatherForecastClean.Infrastructure", "WeatherForecastClean.Infrastructure\WeatherForecastClean.Infrastructure.csproj", "{47DA6ADC-C72F-4013-9591-96625A12CC84}"
EndProject
Project("{FAE04EC0-301F-11D3-BF4B-00C04F79EFBC}") = "WeatherForecastClean.API", "WeatherForecastClean.API\WeatherForecastClean.API.csproj", "{9F8426D8-27A6-4F78-84FC-F3C5FF69E318}"
EndProject
Global
	GlobalSection(SolutionConfigurationPlatforms) = preSolution
		Debug|Any CPU = Debug|Any CPU
		Release|Any CPU = Release|Any CPU
	EndGlobalSection
	GlobalSection(ProjectConfigurationPlatforms) = postSolution
		{18754E7E-5F44-4392-9A9E-D9B20BAD8469}.Debug|Any CPU.ActiveCfg = Debug|Any CPU
		{18754E7E-5F44-4392-9A9E-D9B20BAD8469}.Debug|Any CPU.Build.0 = Debug|Any CPU
		{18754E7E-5F44-4392-9A9E-D9B20BAD8469}.Release|Any CPU.ActiveCfg = Release|Any CPU
		{18754E7E-5F44-4392-9A9E-D9B20BAD8469}.Release|Any CPU.Build.0 = Release|Any CPU
		{4C1C5CB0-F911-41D7-8B30-B97EB32BB3A4}.Debug|Any CPU.ActiveCfg = Debug|Any CPU
		{4C1C5CB0-F911-41D7-8B30-B97EB32BB3A4}.Debug|Any CPU.Build.0 = Debug|Any CPU
		{4C1C5CB0-F911-41D7-8B30-B97EB32BB3A4}.Release|Any CPU.ActiveCfg = Release|Any CPU
		{4C1C5CB0-F911-41D7-8B30-B97EB32BB3A4}.Release|Any CPU.Build.0 = Release|Any CPU
		{47DA6ADC-C72F-4013-9591-96625A12CC84}.Debug|Any CPU.ActiveCfg = Debug|Any CPU
		{47DA6ADC-C72F-4013-9591-96625A12CC84}.Debug|Any CPU.Build.0 = Debug|Any CPU
		{47DA6ADC-C72F-4013-9591-96625A12CC84}.Release|Any CPU.ActiveCfg = Release|Any CPU
		{47DA6ADC-C72F-4013-9591-96625A12CC84}.Release|Any CPU.Build.0 = Release|Any CPU
		{9F8426D8-27A6-4F78-84FC-F3C5FF69E318}.Debug|Any CPU.ActiveCfg = Debug|Any CPU
		{9F8426D8-27A6-4F78-84FC-F3C5FF69E318}.Debug|Any CPU.Build.0 = Debug|Any CPU
		{9F8426D8-27A6-4F78-84FC-F3C5FF69E318}.Release|Any CPU.ActiveCfg = Release|Any CPU
		{9F8426D8-27A6-4F78-84FC-F3C5FF69E318}.Release|Any CPU.Build.0 = Release|Any CPU
	EndGlobalSection
	GlobalSection(SolutionProperties) = preSolution
		HideSolutionNode = FALSE
	EndGlobalSection
	GlobalSection(ExtensibilityGlobals) = postSolution
		SolutionGuid = {BC1B95F5-A2F4-491C-A625-678AD962CB48}
	EndGlobalSection
EndGlobal
